// !$*UTF8*$!
{
	archiveVersion = 1;
	classes = {
	};
	objectVersion = 50;
	objects = {

/* Begin PBXBuildFile section */
		5814F28E25339B3D00EDCA0E /* DataStore.swift in Sources */ = {isa = PBXBuildFile; fileRef = 5814F28D25339B3D00EDCA0E /* DataStore.swift */; };
		5814F2932533A0F700EDCA0E /* TaskFiles.swift in Sources */ = {isa = PBXBuildFile; fileRef = 5814F2922533A0F700EDCA0E /* TaskFiles.swift */; };
		58CB649B24E42BAE0025787C /* AppDelegate.swift in Sources */ = {isa = PBXBuildFile; fileRef = 58CB649A24E42BAE0025787C /* AppDelegate.swift */; };
		58CB649D24E42BAE0025787C /* SceneDelegate.swift in Sources */ = {isa = PBXBuildFile; fileRef = 58CB649C24E42BAE0025787C /* SceneDelegate.swift */; };
		58CB649F24E42BAE0025787C /* ContentView.swift in Sources */ = {isa = PBXBuildFile; fileRef = 58CB649E24E42BAE0025787C /* ContentView.swift */; };
		58CB64A124E42BB60025787C /* Assets.xcassets in Resources */ = {isa = PBXBuildFile; fileRef = 58CB64A024E42BB60025787C /* Assets.xcassets */; };
		58CB64A424E42BB60025787C /* Preview Assets.xcassets in Resources */ = {isa = PBXBuildFile; fileRef = 58CB64A324E42BB60025787C /* Preview Assets.xcassets */; };
		58CB64A724E42BB60025787C /* LaunchScreen.storyboard in Resources */ = {isa = PBXBuildFile; fileRef = 58CB64A524E42BB60025787C /* LaunchScreen.storyboard */; };
		58CB64B224E42BB60025787C /* todo_listTests.swift in Sources */ = {isa = PBXBuildFile; fileRef = 58CB64B124E42BB60025787C /* todo_listTests.swift */; };
		58CB64BD24E42BB60025787C /* todo_listUITests.swift in Sources */ = {isa = PBXBuildFile; fileRef = 58CB64BC24E42BB60025787C /* todo_listUITests.swift */; };
/* End PBXBuildFile section */

/* Begin PBXContainerItemProxy section */
		58CB64AE24E42BB60025787C /* PBXContainerItemProxy */ = {
			isa = PBXContainerItemProxy;
			containerPortal = 58CB648F24E42BAE0025787C /* Project object */;
			proxyType = 1;
			remoteGlobalIDString = 58CB649624E42BAE0025787C;
			remoteInfo = "todo-list";
		};
		58CB64B924E42BB60025787C /* PBXContainerItemProxy */ = {
			isa = PBXContainerItemProxy;
			containerPortal = 58CB648F24E42BAE0025787C /* Project object */;
			proxyType = 1;
			remoteGlobalIDString = 58CB649624E42BAE0025787C;
			remoteInfo = "todo-list";
		};
/* End PBXContainerItemProxy section */

/* Begin PBXFileReference section */
		5814F28D25339B3D00EDCA0E /* DataStore.swift */ = {isa = PBXFileReference; lastKnownFileType = sourcecode.swift; path = DataStore.swift; sourceTree = "<group>"; };
		5814F2922533A0F700EDCA0E /* TaskFiles.swift */ = {isa = PBXFileReference; lastKnownFileType = sourcecode.swift; path = TaskFiles.swift; sourceTree = "<group>"; };
		58CB649724E42BAE0025787C /* todo-list.app */ = {isa = PBXFileReference; explicitFileType = wrapper.application; includeInIndex = 0; path = "todo-list.app"; sourceTree = BUILT_PRODUCTS_DIR; };
		58CB649A24E42BAE0025787C /* AppDelegate.swift */ = {isa = PBXFileReference; lastKnownFileType = sourcecode.swift; path = AppDelegate.swift; sourceTree = "<group>"; };
		58CB649C24E42BAE0025787C /* SceneDelegate.swift */ = {isa = PBXFileReference; lastKnownFileType = sourcecode.swift; path = SceneDelegate.swift; sourceTree = "<group>"; };
		58CB649E24E42BAE0025787C /* ContentView.swift */ = {isa = PBXFileReference; lastKnownFileType = sourcecode.swift; path = ContentView.swift; sourceTree = "<group>"; };
		58CB64A024E42BB60025787C /* Assets.xcassets */ = {isa = PBXFileReference; lastKnownFileType = folder.assetcatalog; path = Assets.xcassets; sourceTree = "<group>"; };
		58CB64A324E42BB60025787C /* Preview Assets.xcassets */ = {isa = PBXFileReference; lastKnownFileType = folder.assetcatalog; path = "Preview Assets.xcassets"; sourceTree = "<group>"; };
		58CB64A624E42BB60025787C /* Base */ = {isa = PBXFileReference; lastKnownFileType = file.storyboard; name = Base; path = Base.lproj/LaunchScreen.storyboard; sourceTree = "<group>"; };
		58CB64A824E42BB60025787C /* Info.plist */ = {isa = PBXFileReference; lastKnownFileType = text.plist.xml; path = Info.plist; sourceTree = "<group>"; };
		58CB64AD24E42BB60025787C /* todo-listTests.xctest */ = {isa = PBXFileReference; explicitFileType = wrapper.cfbundle; includeInIndex = 0; path = "todo-listTests.xctest"; sourceTree = BUILT_PRODUCTS_DIR; };
		58CB64B124E42BB60025787C /* todo_listTests.swift */ = {isa = PBXFileReference; lastKnownFileType = sourcecode.swift; path = todo_listTests.swift; sourceTree = "<group>"; };
		58CB64B324E42BB60025787C /* Info.plist */ = {isa = PBXFileReference; lastKnownFileType = text.plist.xml; path = Info.plist; sourceTree = "<group>"; };
		58CB64B824E42BB60025787C /* todo-listUITests.xctest */ = {isa = PBXFileReference; explicitFileType = wrapper.cfbundle; includeInIndex = 0; path = "todo-listUITests.xctest"; sourceTree = BUILT_PRODUCTS_DIR; };
		58CB64BC24E42BB60025787C /* todo_listUITests.swift */ = {isa = PBXFileReference; lastKnownFileType = sourcecode.swift; path = todo_listUITests.swift; sourceTree = "<group>"; };
		58CB64BE24E42BB60025787C /* Info.plist */ = {isa = PBXFileReference; lastKnownFileType = text.plist.xml; path = Info.plist; sourceTree = "<group>"; };
/* End PBXFileReference section */

/* Begin PBXFrameworksBuildPhase section */
		58CB649424E42BAE0025787C /* Frameworks */ = {
			isa = PBXFrameworksBuildPhase;
			buildActionMask = 2147483647;
			files = (
			);
			runOnlyForDeploymentPostprocessing = 0;
		};
		58CB64AA24E42BB60025787C /* Frameworks */ = {
			isa = PBXFrameworksBuildPhase;
			buildActionMask = 2147483647;
			files = (
			);
			runOnlyForDeploymentPostprocessing = 0;
		};
		58CB64B524E42BB60025787C /* Frameworks */ = {
			isa = PBXFrameworksBuildPhase;
			buildActionMask = 2147483647;
			files = (
			);
			runOnlyForDeploymentPostprocessing = 0;
		};
/* End PBXFrameworksBuildPhase section */

/* Begin PBXGroup section */
		58CB648E24E42BAE0025787C = {
			isa = PBXGroup;
			children = (
				58CB649924E42BAE0025787C /* todo-list */,
				58CB64B024E42BB60025787C /* todo-listTests */,
				58CB64BB24E42BB60025787C /* todo-listUITests */,
				58CB649824E42BAE0025787C /* Products */,
			);
			sourceTree = "<group>";
		};
		58CB649824E42BAE0025787C /* Products */ = {
			isa = PBXGroup;
			children = (
				58CB649724E42BAE0025787C /* todo-list.app */,
				58CB64AD24E42BB60025787C /* todo-listTests.xctest */,
				58CB64B824E42BB60025787C /* todo-listUITests.xctest */,
			);
			name = Products;
			sourceTree = "<group>";
		};
		58CB649924E42BAE0025787C /* todo-list */ = {
			isa = PBXGroup;
			children = (
				58CB649A24E42BAE0025787C /* AppDelegate.swift */,
				58CB649C24E42BAE0025787C /* SceneDelegate.swift */,
				58CB649E24E42BAE0025787C /* ContentView.swift */,
				5814F28D25339B3D00EDCA0E /* DataStore.swift */,
				58CB64A024E42BB60025787C /* Assets.xcassets */,
				58CB64A524E42BB60025787C /* LaunchScreen.storyboard */,
				58CB64A824E42BB60025787C /* Info.plist */,
				58CB64A224E42BB60025787C /* Preview Content */,
				5814F2922533A0F700EDCA0E /* TaskFiles.swift */,
			);
			path = "todo-list";
			sourceTree = "<group>";
		};
		58CB64A224E42BB60025787C /* Preview Content */ = {
			isa = PBXGroup;
			children = (
				58CB64A324E42BB60025787C /* Preview Assets.xcassets */,
			);
			path = "Preview Content";
			sourceTree = "<group>";
		};
		58CB64B024E42BB60025787C /* todo-listTests */ = {
			isa = PBXGroup;
			children = (
				58CB64B124E42BB60025787C /* todo_listTests.swift */,
				58CB64B324E42BB60025787C /* Info.plist */,
			);
			path = "todo-listTests";
			sourceTree = "<group>";
		};
		58CB64BB24E42BB60025787C /* todo-listUITests */ = {
			isa = PBXGroup;
			children = (
				58CB64BC24E42BB60025787C /* todo_listUITests.swift */,
				58CB64BE24E42BB60025787C /* Info.plist */,
			);
			path = "todo-listUITests";
			sourceTree = "<group>";
		};
/* End PBXGroup section */

/* Begin PBXNativeTarget section */
		58CB649624E42BAE0025787C /* todo-list */ = {
			isa = PBXNativeTarget;
			buildConfigurationList = 58CB64C124E42BB60025787C /* Build configuration list for PBXNativeTarget "todo-list" */;
			buildPhases = (
				58CB649324E42BAE0025787C /* Sources */,
				58CB649424E42BAE0025787C /* Frameworks */,
				58CB649524E42BAE0025787C /* Resources */,
			);
			buildRules = (
			);
			dependencies = (
			);
			name = "todo-list";
			productName = "todo-list";
			productReference = 58CB649724E42BAE0025787C /* todo-list.app */;
			productType = "com.apple.product-type.application";
		};
		58CB64AC24E42BB60025787C /* todo-listTests */ = {
			isa = PBXNativeTarget;
			buildConfigurationList = 58CB64C424E42BB60025787C /* Build configuration list for PBXNativeTarget "todo-listTests" */;
			buildPhases = (
				58CB64A924E42BB60025787C /* Sources */,
				58CB64AA24E42BB60025787C /* Frameworks */,
				58CB64AB24E42BB60025787C /* Resources */,
			);
			buildRules = (
			);
			dependencies = (
				58CB64AF24E42BB60025787C /* PBXTargetDependency */,
			);
			name = "todo-listTests";
			productName = "todo-listTests";
			productReference = 58CB64AD24E42BB60025787C /* todo-listTests.xctest */;
			productType = "com.apple.product-type.bundle.unit-test";
		};
		58CB64B724E42BB60025787C /* todo-listUITests */ = {
			isa = PBXNativeTarget;
			buildConfigurationList = 58CB64C724E42BB60025787C /* Build configuration list for PBXNativeTarget "todo-listUITests" */;
			buildPhases = (
				58CB64B424E42BB60025787C /* Sources */,
				58CB64B524E42BB60025787C /* Frameworks */,
				58CB64B624E42BB60025787C /* Resources */,
			);
			buildRules = (
			);
			dependencies = (
				58CB64BA24E42BB60025787C /* PBXTargetDependency */,
			);
			name = "todo-listUITests";
			productName = "todo-listUITests";
			productReference = 58CB64B824E42BB60025787C /* todo-listUITests.xctest */;
			productType = "com.apple.product-type.bundle.ui-testing";
		};
/* End PBXNativeTarget section */

/* Begin PBXProject section */
		58CB648F24E42BAE0025787C /* Project object */ = {
			isa = PBXProject;
			attributes = {
				LastSwiftUpdateCheck = 1160;
				LastUpgradeCheck = 1160;
				ORGANIZATIONNAME = "Yoni Kosiner";
				TargetAttributes = {
					58CB649624E42BAE0025787C = {
						CreatedOnToolsVersion = 11.6;
					};
					58CB64AC24E42BB60025787C = {
						CreatedOnToolsVersion = 11.6;
						TestTargetID = 58CB649624E42BAE0025787C;
					};
					58CB64B724E42BB60025787C = {
						CreatedOnToolsVersion = 11.6;
						TestTargetID = 58CB649624E42BAE0025787C;
					};
				};
			};
			buildConfigurationList = 58CB649224E42BAE0025787C /* Build configuration list for PBXProject "todo-list" */;
			compatibilityVersion = "Xcode 9.3";
			developmentRegion = en;
			hasScannedForEncodings = 0;
			knownRegions = (
				en,
				Base,
			);
			mainGroup = 58CB648E24E42BAE0025787C;
			productRefGroup = 58CB649824E42BAE0025787C /* Products */;
			projectDirPath = "";
			projectRoot = "";
			targets = (
				58CB649624E42BAE0025787C /* todo-list */,
				58CB64AC24E42BB60025787C /* todo-listTests */,
				58CB64B724E42BB60025787C /* todo-listUITests */,
			);
		};
/* End PBXProject section */

/* Begin PBXResourcesBuildPhase section */
		58CB649524E42BAE0025787C /* Resources */ = {
			isa = PBXResourcesBuildPhase;
			buildActionMask = 2147483647;
			files = (
				58CB64A724E42BB60025787C /* LaunchScreen.storyboard in Resources */,
				58CB64A424E42BB60025787C /* Preview Assets.xcassets in Resources */,
				58CB64A124E42BB60025787C /* Assets.xcassets in Resources */,
			);
			runOnlyForDeploymentPostprocessing = 0;
		};
		58CB64AB24E42BB60025787C /* Resources */ = {
			isa = PBXResourcesBuildPhase;
			buildActionMask = 2147483647;
			files = (
			);
			runOnlyForDeploymentPostprocessing = 0;
		};
		58CB64B624E42BB60025787C /* Resources */ = {
			isa = PBXResourcesBuildPhase;
			buildActionMask = 2147483647;
			files = (
			);
			runOnlyForDeploymentPostprocessing = 0;
		};
/* End PBXResourcesBuildPhase section */

/* Begin PBXSourcesBuildPhase section */
		58CB649324E42BAE0025787C /* Sources */ = {
			isa = PBXSourcesBuildPhase;
			buildActionMask = 2147483647;
			files = (
				58CB649B24E42BAE0025787C /* AppDelegate.swift in Sources */,
				5814F28E25339B3D00EDCA0E /* DataStore.swift in Sources */,
				58CB649D24E42BAE0025787C /* SceneDelegate.swift in Sources */,
				58CB649F24E42BAE0025787C /* ContentView.swift in Sources */,
				5814F2932533A0F700EDCA0E /* TaskFiles.swift in Sources */,
			);
			runOnlyForDeploymentPostprocessing = 0;
		};
		58CB64A924E42BB60025787C /* Sources */ = {
			isa = PBXSourcesBuildPhase;
			buildActionMask = 2147483647;
			files = (
				58CB64B224E42BB60025787C /* todo_listTests.swift in Sources */,
			);
			runOnlyForDeploymentPostprocessing = 0;
		};
		58CB64B424E42BB60025787C /* Sources */ = {
			isa = PBXSourcesBuildPhase;
			buildActionMask = 2147483647;
			files = (
				58CB64BD24E42BB60025787C /* todo_listUITests.swift in Sources */,
			);
			runOnlyForDeploymentPostprocessing = 0;
		};
/* End PBXSourcesBuildPhase section */

/* Begin PBXTargetDependency section */
		58CB64AF24E42BB60025787C /* PBXTargetDependency */ = {
			isa = PBXTargetDependency;
			target = 58CB649624E42BAE0025787C /* todo-list */;
			targetProxy = 58CB64AE24E42BB60025787C /* PBXContainerItemProxy */;
		};
		58CB64BA24E42BB60025787C /* PBXTargetDependency */ = {
			isa = PBXTargetDependency;
			target = 58CB649624E42BAE0025787C /* todo-list */;
			targetProxy = 58CB64B924E42BB60025787C /* PBXContainerItemProxy */;
		};
/* End PBXTargetDependency section */

/* Begin PBXVariantGroup section */
		58CB64A524E42BB60025787C /* LaunchScreen.storyboard */ = {
			isa = PBXVariantGroup;
			children = (
				58CB64A624E42BB60025787C /* Base */,
			);
			name = LaunchScreen.storyboard;
			sourceTree = "<group>";
		};
/* End PBXVariantGroup section */

/* Begin XCBuildConfiguration section */
		58CB64BF24E42BB60025787C /* Debug */ = {
			isa = XCBuildConfiguration;
			buildSettings = {
				ALWAYS_SEARCH_USER_PATHS = NO;
				CLANG_ANALYZER_NONNULL = YES;
				CLANG_ANALYZER_NUMBER_OBJECT_CONVERSION = YES_AGGRESSIVE;
				CLANG_CXX_LANGUAGE_STANDARD = "gnu++14";
				CLANG_CXX_LIBRARY = "libc++";
				CLANG_ENABLE_MODULES = YES;
				CLANG_ENABLE_OBJC_ARC = YES;
				CLANG_ENABLE_OBJC_WEAK = YES;
				CLANG_WARN_BLOCK_CAPTURE_AUTORELEASING = YES;
				CLANG_WARN_BOOL_CONVERSION = YES;
				CLANG_WARN_COMMA = YES;
				CLANG_WARN_CONSTANT_CONVERSION = YES;
				CLANG_WARN_DEPRECATED_OBJC_IMPLEMENTATIONS = YES;
				CLANG_WARN_DIRECT_OBJC_ISA_USAGE = YES_ERROR;
				CLANG_WARN_DOCUMENTATION_COMMENTS = YES;
				CLANG_WARN_EMPTY_BODY = YES;
				CLANG_WARN_ENUM_CONVERSION = YES;
				CLANG_WARN_INFINITE_RECURSION = YES;
				CLANG_WARN_INT_CONVERSION = YES;
				CLANG_WARN_NON_LITERAL_NULL_CONVERSION = YES;
				CLANG_WARN_OBJC_IMPLICIT_RETAIN_SELF = YES;
				CLANG_WARN_OBJC_LITERAL_CONVERSION = YES;
				CLANG_WARN_OBJC_ROOT_CLASS = YES_ERROR;
				CLANG_WARN_RANGE_LOOP_ANALYSIS = YES;
				CLANG_WARN_STRICT_PROTOTYPES = YES;
				CLANG_WARN_SUSPICIOUS_MOVE = YES;
				CLANG_WARN_UNGUARDED_AVAILABILITY = YES_AGGRESSIVE;
				CLANG_WARN_UNREACHABLE_CODE = YES;
				CLANG_WARN__DUPLICATE_METHOD_MATCH = YES;
				COPY_PHASE_STRIP = NO;
				DEBUG_INFORMATION_FORMAT = dwarf;
				ENABLE_STRICT_OBJC_MSGSEND = YES;
				ENABLE_TESTABILITY = YES;
				GCC_C_LANGUAGE_STANDARD = gnu11;
				GCC_DYNAMIC_NO_PIC = NO;
				GCC_NO_COMMON_BLOCKS = YES;
				GCC_OPTIMIZATION_LEVEL = 0;
				GCC_PREPROCESSOR_DEFINITIONS = (
					"DEBUG=1",
					"$(inherited)",
				);
				GCC_WARN_64_TO_32_BIT_CONVERSION = YES;
				GCC_WARN_ABOUT_RETURN_TYPE = YES_ERROR;
				GCC_WARN_UNDECLARED_SELECTOR = YES;
				GCC_WARN_UNINITIALIZED_AUTOS = YES_AGGRESSIVE;
				GCC_WARN_UNUSED_FUNCTION = YES;
				GCC_WARN_UNUSED_VARIABLE = YES;
				IPHONEOS_DEPLOYMENT_TARGET = 13.6;
				MTL_ENABLE_DEBUG_INFO = INCLUDE_SOURCE;
				MTL_FAST_MATH = YES;
				ONLY_ACTIVE_ARCH = YES;
				SDKROOT = iphoneos;
				SWIFT_ACTIVE_COMPILATION_CONDITIONS = DEBUG;
				SWIFT_OPTIMIZATION_LEVEL = "-Onone";
			};
			name = Debug;
		};
		58CB64C024E42BB60025787C /* Release */ = {
			isa = XCBuildConfiguration;
			buildSettings = {
				ALWAYS_SEARCH_USER_PATHS = NO;
				CLANG_ANALYZER_NONNULL = YES;
				CLANG_ANALYZER_NUMBER_OBJECT_CONVERSION = YES_AGGRESSIVE;
				CLANG_CXX_LANGUAGE_STANDARD = "gnu++14";
				CLANG_CXX_LIBRARY = "libc++";
				CLANG_ENABLE_MODULES = YES;
				CLANG_ENABLE_OBJC_ARC = YES;
				CLANG_ENABLE_OBJC_WEAK = YES;
				CLANG_WARN_BLOCK_CAPTURE_AUTORELEASING = YES;
				CLANG_WARN_BOOL_CONVERSION = YES;
				CLANG_WARN_COMMA = YES;
				CLANG_WARN_CONSTANT_CONVERSION = YES;
				CLANG_WARN_DEPRECATED_OBJC_IMPLEMENTATIONS = YES;
				CLANG_WARN_DIRECT_OBJC_ISA_USAGE = YES_ERROR;
				CLANG_WARN_DOCUMENTATION_COMMENTS = YES;
				CLANG_WARN_EMPTY_BODY = YES;
				CLANG_WARN_ENUM_CONVERSION = YES;
				CLANG_WARN_INFINITE_RECURSION = YES;
				CLANG_WARN_INT_CONVERSION = YES;
				CLANG_WARN_NON_LITERAL_NULL_CONVERSION = YES;
				CLANG_WARN_OBJC_IMPLICIT_RETAIN_SELF = YES;
				CLANG_WARN_OBJC_LITERAL_CONVERSION = YES;
				CLANG_WARN_OBJC_ROOT_CLASS = YES_ERROR;
				CLANG_WARN_RANGE_LOOP_ANALYSIS = YES;
				CLANG_WARN_STRICT_PROTOTYPES = YES;
				CLANG_WARN_SUSPICIOUS_MOVE = YES;
				CLANG_WARN_UNGUARDED_AVAILABILITY = YES_AGGRESSIVE;
				CLANG_WARN_UNREACHABLE_CODE = YES;
				CLANG_WARN__DUPLICATE_METHOD_MATCH = YES;
				COPY_PHASE_STRIP = NO;
				DEBUG_INFORMATION_FORMAT = "dwarf-with-dsym";
				ENABLE_NS_ASSERTIONS = NO;
				ENABLE_STRICT_OBJC_MSGSEND = YES;
				GCC_C_LANGUAGE_STANDARD = gnu11;
				GCC_NO_COMMON_BLOCKS = YES;
				GCC_WARN_64_TO_32_BIT_CONVERSION = YES;
				GCC_WARN_ABOUT_RETURN_TYPE = YES_ERROR;
				GCC_WARN_UNDECLARED_SELECTOR = YES;
				GCC_WARN_UNINITIALIZED_AUTOS = YES_AGGRESSIVE;
				GCC_WARN_UNUSED_FUNCTION = YES;
				GCC_WARN_UNUSED_VARIABLE = YES;
				IPHONEOS_DEPLOYMENT_TARGET = 13.6;
				MTL_ENABLE_DEBUG_INFO = NO;
				MTL_FAST_MATH = YES;
				SDKROOT = iphoneos;
				SWIFT_COMPILATION_MODE = wholemodule;
				SWIFT_OPTIMIZATION_LEVEL = "-O";
				VALIDATE_PRODUCT = YES;
			};
			name = Release;
		};
		58CB64C224E42BB60025787C /* Debug */ = {
			isa = XCBuildConfiguration;
			buildSettings = {
				ASSETCATALOG_COMPILER_APPICON_NAME = AppIcon;
				CODE_SIGN_STYLE = Automatic;
				DEVELOPMENT_ASSET_PATHS = "\"todo-list/Preview Content\"";
				ENABLE_PREVIEWS = YES;
				INFOPLIST_FILE = "todo-list/Info.plist";
				LD_RUNPATH_SEARCH_PATHS = (
					"$(inherited)",
					"@executable_path/Frameworks",
				);
				PRODUCT_BUNDLE_IDENTIFIER = "basic.todo-list";
				PRODUCT_NAME = "$(TARGET_NAME)";
				SWIFT_VERSION = 5.0;
				TARGETED_DEVICE_FAMILY = "1,2";
			};
			name = Debug;
		};
		58CB64C324E42BB60025787C /* Release */ = {
			isa = XCBuildConfiguration;
			buildSettings = {
				ASSETCATALOG_COMPILER_APPICON_NAME = AppIcon;
				CODE_SIGN_STYLE = Automatic;
				DEVELOPMENT_ASSET_PATHS = "\"todo-list/Preview Content\"";
				ENABLE_PREVIEWS = YES;
				INFOPLIST_FILE = "todo-list/Info.plist";
				LD_RUNPATH_SEARCH_PATHS = (
					"$(inherited)",
					"@executable_path/Frameworks",
				);
				PRODUCT_BUNDLE_IDENTIFIER = "basic.todo-list";
				PRODUCT_NAME = "$(TARGET_NAME)";
				SWIFT_VERSION = 5.0;
				TARGETED_DEVICE_FAMILY = "1,2";
			};
			name = Release;
		};
		58CB64C524E42BB60025787C /* Debug */ = {
			isa = XCBuildConfiguration;
			buildSettings = {
				ALWAYS_EMBED_SWIFT_STANDARD_LIBRARIES = YES;
				BUNDLE_LOADER = "$(TEST_HOST)";
				CODE_SIGN_STYLE = Automatic;
				INFOPLIST_FILE = "todo-listTests/Info.plist";
				IPHONEOS_DEPLOYMENT_TARGET = 13.6;
				LD_RUNPATH_SEARCH_PATHS = (
					"$(inherited)",
					"@executable_path/Frameworks",
					"@loader_path/Frameworks",
				);
				PRODUCT_BUNDLE_IDENTIFIER = "basic.todo-listTests";
				PRODUCT_NAME = "$(TARGET_NAME)";
				SWIFT_VERSION = 5.0;
				TARGETED_DEVICE_FAMILY = "1,2";
				TEST_HOST = "$(BUILT_PRODUCTS_DIR)/todo-list.app/todo-list";
			};
			name = Debug;
		};
		58CB64C624E42BB60025787C /* Release */ = {
			isa = XCBuildConfiguration;
			buildSettings = {
				ALWAYS_EMBED_SWIFT_STANDARD_LIBRARIES = YES;
				BUNDLE_LOADER = "$(TEST_HOST)";
				CODE_SIGN_STYLE = Automatic;
				INFOPLIST_FILE = "todo-listTests/Info.plist";
				IPHONEOS_DEPLOYMENT_TARGET = 13.6;
				LD_RUNPATH_SEARCH_PATHS = (
					"$(inherited)",
					"@executable_path/Frameworks",
					"@loader_path/Frameworks",
				);
				PRODUCT_BUNDLE_IDENTIFIER = "basic.todo-listTests";
				PRODUCT_NAME = "$(TARGET_NAME)";
				SWIFT_VERSION = 5.0;
				TARGETED_DEVICE_FAMILY = "1,2";
				TEST_HOST = "$(BUILT_PRODUCTS_DIR)/todo-list.app/todo-list";
			};
			name = Release;
		};
		58CB64C824E42BB60025787C /* Debug */ = {
			isa = XCBuildConfiguration;
			buildSettings = {
				ALWAYS_EMBED_SWIFT_STANDARD_LIBRARIES = YES;
				CODE_SIGN_STYLE = Automatic;
				INFOPLIST_FILE = "todo-listUITests/Info.plist";
				LD_RUNPATH_SEARCH_PATHS = (
					"$(inherited)",
					"@executable_path/Frameworks",
					"@loader_path/Frameworks",
				);
				PRODUCT_BUNDLE_IDENTIFIER = "basic.todo-listUITests";
				PRODUCT_NAME = "$(TARGET_NAME)";
				SWIFT_VERSION = 5.0;
				TARGETED_DEVICE_FAMILY = "1,2";
				TEST_TARGET_NAME = "todo-list";
			};
			name = Debug;
		};
		58CB64C924E42BB60025787C /* Release */ = {
			isa = XCBuildConfiguration;
			buildSettings = {
				ALWAYS_EMBED_SWIFT_STANDARD_LIBRARIES = YES;
				CODE_SIGN_STYLE = Automatic;
				INFOPLIST_FILE = "todo-listUITests/Info.plist";
				LD_RUNPATH_SEARCH_PATHS = (
					"$(inherited)",
					"@executable_path/Frameworks",
					"@loader_path/Frameworks",
				);
				PRODUCT_BUNDLE_IDENTIFIER = "basic.todo-listUITests";
				PRODUCT_NAME = "$(TARGET_NAME)";
				SWIFT_VERSION = 5.0;
				TARGETED_DEVICE_FAMILY = "1,2";
				TEST_TARGET_NAME = "todo-list";
			};
			name = Release;
		};
/* End XCBuildConfiguration section */

/* Begin XCConfigurationList section */
		58CB649224E42BAE0025787C /* Build configuration list for PBXProject "todo-list" */ = {
			isa = XCConfigurationList;
			buildConfigurations = (
				58CB64BF24E42BB60025787C /* Debug */,
				58CB64C024E42BB60025787C /* Release */,
			);
			defaultConfigurationIsVisible = 0;
			defaultConfigurationName = Release;
		};
		58CB64C124E42BB60025787C /* Build configuration list for PBXNativeTarget "todo-list" */ = {
			isa = XCConfigurationList;
			buildConfigurations = (
				58CB64C224E42BB60025787C /* Debug */,
				58CB64C324E42BB60025787C /* Release */,
			);
			defaultConfigurationIsVisible = 0;
			defaultConfigurationName = Release;
		};
		58CB64C424E42BB60025787C /* Build configuration list for PBXNativeTarget "todo-listTests" */ = {
			isa = XCConfigurationList;
			buildConfigurations = (
				58CB64C524E42BB60025787C /* Debug */,
				58CB64C624E42BB60025787C /* Release */,
			);
			defaultConfigurationIsVisible = 0;
			defaultConfigurationName = Release;
		};
		58CB64C724E42BB60025787C /* Build configuration list for PBXNativeTarget "todo-listUITests" */ = {
			isa = XCConfigurationList;
			buildConfigurations = (
				58CB64C824E42BB60025787C /* Debug */,
				58CB64C924E42BB60025787C /* Release */,
			);
			defaultConfigurationIsVisible = 0;
			defaultConfigurationName = Release;
		};
/* End XCConfigurationList section */
	};
	rootObject = 58CB648F24E42BAE0025787C /* Project object */;
}
